
Microsoft Visual Studio Solution File, Format Version 12.00
# Visual Studio 15
VisualStudioVersion = 15.0.28010.2003
MinimumVisualStudioVersion = 10.0.40219.1
Project("{FAE04EC0-301F-11D3-BF4B-00C04F79EFBC}") = "gui", "gui\gui.csproj", "{26B73433-5B9A-4D43-8F7D-C81DF92C63AF}"
EndProject
Global
	GlobalSection(SolutionConfigurationPlatforms) = preSolution
		Debug|ARM = Debug|ARM
		Debug|x64 = Debug|x64
		Debug|x86 = Debug|x86
		Release|ARM = Release|ARM
		Release|x64 = Release|x64
		Release|x86 = Release|x86
	EndGlobalSection
	GlobalSection(ProjectConfigurationPlatforms) = postSolution
		{26B73433-5B9A-4D43-8F7D-C81DF92C63AF}.Debug|ARM.ActiveCfg = Debug|ARM
		{26B73433-5B9A-4D43-8F7D-C81DF92C63AF}.Debug|ARM.Build.0 = Debug|ARM
		{26B73433-5B9A-4D43-8F7D-C81DF92C63AF}.Debug|ARM.Deploy.0 = Debug|ARM
		{26B73433-5B9A-4D43-8F7D-C81DF92C63AF}.Debug|x64.ActiveCfg = Debug|x64
		{26B73433-5B9A-4D43-8F7D-C81DF92C63AF}.Debug|x64.Build.0 = Debug|x64
		{26B73433-5B9A-4D43-8F7D-C81DF92C63AF}.Debug|x64.Deploy.0 = Debug|x64
		{26B73433-5B9A-4D43-8F7D-C81DF92C63AF}.Debug|x86.ActiveCfg = Debug|x86
		{26B73433-5B9A-4D43-8F7D-C81DF92C63AF}.Debug|x86.Build.0 = Debug|x86
		{26B73433-5B9A-4D43-8F7D-C81DF92C63AF}.Debug|x86.Deploy.0 = Debug|x86
		{26B73433-5B9A-4D43-8F7D-C81DF92C63AF}.Release|ARM.ActiveCfg = Release|ARM
		{26B73433-5B9A-4D43-8F7D-C81DF92C63AF}.Release|ARM.Build.0 = Release|ARM
		{26B73433-5B9A-4D43-8F7D-C81DF92C63AF}.Release|ARM.Deploy.0 = Release|ARM
		{26B73433-5B9A-4D43-8F7D-C81DF92C63AF}.Release|x64.ActiveCfg = Release|x64
		{26B73433-5B9A-4D43-8F7D-C81DF92C63AF}.Release|x64.Build.0 = Release|x64
		{26B73433-5B9A-4D43-8F7D-C81DF92C63AF}.Release|x64.Deploy.0 = Release|x64
		{26B73433-5B9A-4D43-8F7D-C81DF92C63AF}.Release|x86.ActiveCfg = Release|x86
		{26B73433-5B9A-4D43-8F7D-C81DF92C63AF}.Release|x86.Build.0 = Release|x86
		{26B73433-5B9A-4D43-8F7D-C81DF92C63AF}.Release|x86.Deploy.0 = Release|x86
	EndGlobalSection
	GlobalSection(SolutionProperties) = preSolution
		HideSolutionNode = FALSE
	EndGlobalSection
	GlobalSection(ExtensibilityGlobals) = postSolution
		SolutionGuid = {55719F87-8E9C-4A91-BED4-935A315DFA47}
	EndGlobalSection
EndGlobal
